// !$*UTF8*$!
{
	archiveVersion = 1;
	classes = {
	};
	objectVersion = 46;
	objects = {

/* Begin PBXBuildFile section */
		109EA5141BDE32F000926B70 /* AppDelegate.swift in Sources */ = {isa = PBXBuildFile; fileRef = 109EA5131BDE32F000926B70 /* AppDelegate.swift */; };
		109EA5161BDE32F000926B70 /* ViewController.swift in Sources */ = {isa = PBXBuildFile; fileRef = 109EA5151BDE32F000926B70 /* ViewController.swift */; };
		109EA5191BDE32F000926B70 /* Main.storyboard in Resources */ = {isa = PBXBuildFile; fileRef = 109EA5171BDE32F000926B70 /* Main.storyboard */; };
		109EA51B1BDE32F000926B70 /* Assets.xcassets in Resources */ = {isa = PBXBuildFile; fileRef = 109EA51A1BDE32F000926B70 /* Assets.xcassets */; };
		109EA51E1BDE32F000926B70 /* LaunchScreen.storyboard in Resources */ = {isa = PBXBuildFile; fileRef = 109EA51C1BDE32F000926B70 /* LaunchScreen.storyboard */; };
		109EA5261BDE330000926B70 /* AVWebOperation.swift in Sources */ = {isa = PBXBuildFile; fileRef = 109EA5251BDE330000926B70 /* AVWebOperation.swift */; settings = {ASSET_TAGS = (); }; };
		109EA5281BDE330300926B70 /* AVReachability.swift in Sources */ = {isa = PBXBuildFile; fileRef = 109EA5271BDE330300926B70 /* AVReachability.swift */; settings = {ASSET_TAGS = (); }; };
/* End PBXBuildFile section */

/* Begin PBXFileReference section */
		109EA5101BDE32EF00926B70 /* WebServiceOperations.app */ = {isa = PBXFileReference; explicitFileType = wrapper.application; includeInIndex = 0; path = WebServiceOperations.app; sourceTree = BUILT_PRODUCTS_DIR; };
		109EA5131BDE32F000926B70 /* AppDelegate.swift */ = {isa = PBXFileReference; lastKnownFileType = sourcecode.swift; path = AppDelegate.swift; sourceTree = "<group>"; };
		109EA5151BDE32F000926B70 /* ViewController.swift */ = {isa = PBXFileReference; lastKnownFileType = sourcecode.swift; path = ViewController.swift; sourceTree = "<group>"; };
		109EA5181BDE32F000926B70 /* Base */ = {isa = PBXFileReference; lastKnownFileType = file.storyboard; name = Base; path = Base.lproj/Main.storyboard; sourceTree = "<group>"; };
		109EA51A1BDE32F000926B70 /* Assets.xcassets */ = {isa = PBXFileReference; lastKnownFileType = folder.assetcatalog; path = Assets.xcassets; sourceTree = "<group>"; };
		109EA51D1BDE32F000926B70 /* Base */ = {isa = PBXFileReference; lastKnownFileType = file.storyboard; name = Base; path = Base.lproj/LaunchScreen.storyboard; sourceTree = "<group>"; };
		109EA51F1BDE32F000926B70 /* Info.plist */ = {isa = PBXFileReference; lastKnownFileType = text.plist.xml; path = Info.plist; sourceTree = "<group>"; };
		109EA5251BDE330000926B70 /* AVWebOperation.swift */ = {isa = PBXFileReference; fileEncoding = 4; lastKnownFileType = sourcecode.swift; path = AVWebOperation.swift; sourceTree = "<group>"; };
		109EA5271BDE330300926B70 /* AVReachability.swift */ = {isa = PBXFileReference; fileEncoding = 4; lastKnownFileType = sourcecode.swift; path = AVReachability.swift; sourceTree = "<group>"; };
/* End PBXFileReference section */

/* Begin PBXFrameworksBuildPhase section */
		109EA50D1BDE32EF00926B70 /* Frameworks */ = {
			isa = PBXFrameworksBuildPhase;
			buildActionMask = 2147483647;
			files = (
			);
			runOnlyForDeploymentPostprocessing = 0;
		};
/* End PBXFrameworksBuildPhase section */

/* Begin PBXGroup section */
		109EA5071BDE32EF00926B70 = {
			isa = PBXGroup;
			children = (
				109EA5121BDE32EF00926B70 /* WebServiceOperations */,
				109EA5111BDE32EF00926B70 /* Products */,
			);
			sourceTree = "<group>";
		};
		109EA5111BDE32EF00926B70 /* Products */ = {
			isa = PBXGroup;
			children = (
				109EA5101BDE32EF00926B70 /* WebServiceOperations.app */,
			);
			name = Products;
			sourceTree = "<group>";
		};
		109EA5121BDE32EF00926B70 /* WebServiceOperations */ = {
			isa = PBXGroup;
			children = (
				109EA5131BDE32F000926B70 /* AppDelegate.swift */,
				109EA5151BDE32F000926B70 /* ViewController.swift */,
				109EA5251BDE330000926B70 /* AVWebOperation.swift */,
				109EA5271BDE330300926B70 /* AVReachability.swift */,
				109EA5171BDE32F000926B70 /* Main.storyboard */,
				109EA51A1BDE32F000926B70 /* Assets.xcassets */,
				109EA51C1BDE32F000926B70 /* LaunchScreen.storyboard */,
				109EA51F1BDE32F000926B70 /* Info.plist */,
			);
			path = WebServiceOperations;
			sourceTree = "<group>";
		};
/* End PBXGroup section */

/* Begin PBXNativeTarget section */
		109EA50F1BDE32EF00926B70 /* WebServiceOperations */ = {
			isa = PBXNativeTarget;
			buildConfigurationList = 109EA5221BDE32F000926B70 /* Build configuration list for PBXNativeTarget "WebServiceOperations" */;
			buildPhases = (
				109EA50C1BDE32EF00926B70 /* Sources */,
				109EA50D1BDE32EF00926B70 /* Frameworks */,
				109EA50E1BDE32EF00926B70 /* Resources */,
			);
			buildRules = (
			);
			dependencies = (
			);
			name = WebServiceOperations;
			productName = WebServiceOperations;
			productReference = 109EA5101BDE32EF00926B70 /* WebServiceOperations.app */;
			productType = "com.apple.product-type.application";
		};
/* End PBXNativeTarget section */

/* Begin PBXProject section */
		109EA5081BDE32EF00926B70 /* Project object */ = {
			isa = PBXProject;
			attributes = {
				LastUpgradeCheck = 0700;
				ORGANIZATIONNAME = "Arpit Vishwakarma";
				TargetAttributes = {
					109EA50F1BDE32EF00926B70 = {
						CreatedOnToolsVersion = 7.0;
					};
				};
			};
			buildConfigurationList = 109EA50B1BDE32EF00926B70 /* Build configuration list for PBXProject "WebServiceOperations" */;
			compatibilityVersion = "Xcode 3.2";
			developmentRegion = English;
			hasScannedForEncodings = 0;
			knownRegions = (
				en,
				Base,
			);
			mainGroup = 109EA5071BDE32EF00926B70;
			productRefGroup = 109EA5111BDE32EF00926B70 /* Products */;
			projectDirPath = "";
			projectRoot = "";
			targets = (
				109EA50F1BDE32EF00926B70 /* WebServiceOperations */,
			);
		};
/* End PBXProject section */

/* Begin PBXResourcesBuildPhase section */
		109EA50E1BDE32EF00926B70 /* Resources */ = {
			isa = PBXResourcesBuildPhase;
			buildActionMask = 2147483647;
			files = (
				109EA51E1BDE32F000926B70 /* LaunchScreen.storyboard in Resources */,
				109EA51B1BDE32F000926B70 /* Assets.xcassets in Resources */,
				109EA5191BDE32F000926B70 /* Main.storyboard in Resources */,
			);
			runOnlyForDeploymentPostprocessing = 0;
		};
/* End PBXResourcesBuildPhase section */

/* Begin PBXSourcesBuildPhase section */
		109EA50C1BDE32EF00926B70 /* Sources */ = {
			isa = PBXSourcesBuildPhase;
			buildActionMask = 2147483647;
			files = (
				109EA5161BDE32F000926B70 /* ViewController.swift in Sources */,
				109EA5141BDE32F000926B70 /* AppDelegate.swift in Sources */,
				109EA5261BDE330000926B70 /* AVWebOperation.swift in Sources */,
				109EA5281BDE330300926B70 /* AVReachability.swift in Sources */,
			);
			runOnlyForDeploymentPostprocessing = 0;
		};
/* End PBXSourcesBuildPhase section */

/* Begin PBXVariantGroup section */
		109EA5171BDE32F000926B70 /* Main.storyboard */ = {
			isa = PBXVariantGroup;
			children = (
				109EA5181BDE32F000926B70 /* Base */,
			);
			name = Main.storyboard;
			sourceTree = "<group>";
		};
		109EA51C1BDE32F000926B70 /* LaunchScreen.storyboard */ = {
			isa = PBXVariantGroup;
			children = (
				109EA51D1BDE32F000926B70 /* Base */,
			);
			name = LaunchScreen.storyboard;
			sourceTree = "<group>";
		};
/* End PBXVariantGroup section */

/* Begin XCBuildConfiguration section */
		109EA5201BDE32F000926B70 /* Debug */ = {
			isa = XCBuildConfiguration;
			buildSettings = {
				ALWAYS_SEARCH_USER_PATHS = NO;
				CLANG_CXX_LANGUAGE_STANDARD = "gnu++0x";
				CLANG_CXX_LIBRARY = "libc++";
				CLANG_ENABLE_MODULES = YES;
				CLANG_ENABLE_OBJC_ARC = YES;
				CLANG_WARN_BOOL_CONVERSION = YES;
				CLANG_WARN_CONSTANT_CONVERSION = YES;
				CLANG_WARN_DIRECT_OBJC_ISA_USAGE = YES_ERROR;
				CLANG_WARN_EMPTY_BODY = YES;
				CLANG_WARN_ENUM_CONVERSION = YES;
				CLANG_WARN_INT_CONVERSION = YES;
				CLANG_WARN_OBJC_ROOT_CLASS = YES_ERROR;
				CLANG_WARN_UNREACHABLE_CODE = YES;
				CLANG_WARN__DUPLICATE_METHOD_MATCH = YES;
				"CODE_SIGN_IDENTITY[sdk=iphoneos*]" = "iPhone Developer";
				COPY_PHASE_STRIP = NO;
				DEBUG_INFORMATION_FORMAT = dwarf;
				ENABLE_STRICT_OBJC_MSGSEND = YES;
				ENABLE_TESTABILITY = YES;
				GCC_C_LANGUAGE_STANDARD = gnu99;
				GCC_DYNAMIC_NO_PIC = NO;
				GCC_NO_COMMON_BLOCKS = YES;
				GCC_OPTIMIZATION_LEVEL = 0;
				GCC_PREPROCESSOR_DEFINITIONS = (
					"DEBUG=1",
					"$(inherited)",
				);
				GCC_WARN_64_TO_32_BIT_CONVERSION = YES;
				GCC_WARN_ABOUT_RETURN_TYPE = YES_ERROR;
				GCC_WARN_UNDECLARED_SELECTOR = YES;
				GCC_WARN_UNINITIALIZED_AUTOS = YES_AGGRESSIVE;
				GCC_WARN_UNUSED_FUNCTION = YES;
				GCC_WARN_UNUSED_VARIABLE = YES;
				IPHONEOS_DEPLOYMENT_TARGET = 9.0;
				MTL_ENABLE_DEBUG_INFO = YES;
				ONLY_ACTIVE_ARCH = YES;
				SDKROOT = iphoneos;
				SWIFT_OPTIMIZATION_LEVEL = "-Onone";
			};
			name = Debug;
		};
		109EA5211BDE32F000926B70 /* Release */ = {
			isa = XCBuildConfiguration;
			buildSettings = {
				ALWAYS_SEARCH_USER_PATHS = NO;
				CLANG_CXX_LANGUAGE_STANDARD = "gnu++0x";
				CLANG_CXX_LIBRARY = "libc++";
				CLANG_ENABLE_MODULES = YES;
				CLANG_ENABLE_OBJC_ARC = YES;
				CLANG_WARN_BOOL_CONVERSION = YES;
				CLANG_WARN_CONSTANT_CONVERSION = YES;
				CLANG_WARN_DIRECT_OBJC_ISA_USAGE = YES_ERROR;
				CLANG_WARN_EMPTY_BODY = YES;
				CLANG_WARN_ENUM_CONVERSION = YES;
				CLANG_WARN_INT_CONVERSION = YES;
				CLANG_WARN_OBJC_ROOT_CLASS = YES_ERROR;
				CLANG_WARN_UNREACHABLE_CODE = YES;
				CLANG_WARN__DUPLICATE_METHOD_MATCH = YES;
				"CODE_SIGN_IDENTITY[sdk=iphoneos*]" = "iPhone Developer";
				COPY_PHASE_STRIP = NO;
				DEBUG_INFORMATION_FORMAT = "dwarf-with-dsym";
				ENABLE_NS_ASSERTIONS = NO;
				ENABLE_STRICT_OBJC_MSGSEND = YES;
				GCC_C_LANGUAGE_STANDARD = gnu99;
				GCC_NO_COMMON_BLOCKS = YES;
				GCC_WARN_64_TO_32_BIT_CONVERSION = YES;
				GCC_WARN_ABOUT_RETURN_TYPE = YES_ERROR;
				GCC_WARN_UNDECLARED_SELECTOR = YES;
				GCC_WARN_UNINITIALIZED_AUTOS = YES_AGGRESSIVE;
				GCC_WARN_UNUSED_FUNCTION = YES;
				GCC_WARN_UNUSED_VARIABLE = YES;
				IPHONEOS_DEPLOYMENT_TARGET = 9.0;
				MTL_ENABLE_DEBUG_INFO = NO;
				SDKROOT = iphoneos;
				VALIDATE_PRODUCT = YES;
			};
			name = Release;
		};
		109EA5231BDE32F000926B70 /* Debug */ = {
			isa = XCBuildConfiguration;
			buildSettings = {
				ASSETCATALOG_COMPILER_APPICON_NAME = AppIcon;
				INFOPLIST_FILE = WebServiceOperations/Info.plist;
				LD_RUNPATH_SEARCH_PATHS = "$(inherited) @executable_path/Frameworks";
				PRODUCT_BUNDLE_IDENTIFIER = Arpit.WebServiceOperations;
				PRODUCT_NAME = "$(TARGET_NAME)";
			};
			name = Debug;
		};
		109EA5241BDE32F000926B70 /* Release */ = {
			isa = XCBuildConfiguration;
			buildSettings = {
				ASSETCATALOG_COMPILER_APPICON_NAME = AppIcon;
				INFOPLIST_FILE = WebServiceOperations/Info.plist;
				LD_RUNPATH_SEARCH_PATHS = "$(inherited) @executable_path/Frameworks";
				PRODUCT_BUNDLE_IDENTIFIER = Arpit.WebServiceOperations;
				PRODUCT_NAME = "$(TARGET_NAME)";
			};
			name = Release;
		};
/* End XCBuildConfiguration section */

/* Begin XCConfigurationList section */
		109EA50B1BDE32EF00926B70 /* Build configuration list for PBXProject "WebServiceOperations" */ = {
			isa = XCConfigurationList;
			buildConfigurations = (
				109EA5201BDE32F000926B70 /* Debug */,
				109EA5211BDE32F000926B70 /* Release */,
			);
			defaultConfigurationIsVisible = 0;
			defaultConfigurationName = Release;
		};
		109EA5221BDE32F000926B70 /* Build configuration list for PBXNativeTarget "WebServiceOperations" */ = {
			isa = XCConfigurationList;
			buildConfigurations = (
				109EA5231BDE32F000926B70 /* Debug */,
				109EA5241BDE32F000926B70 /* Release */,
			);
			defaultConfigurationIsVisible = 0;
		};
/* End XCConfigurationList section */
	};
	rootObject = 109EA5081BDE32EF00926B70 /* Project object */;
}
